
Microsoft Visual Studio Solution File, Format Version 12.00
# Visual Studio Version 16
VisualStudioVersion = 16.0.31515.178
MinimumVisualStudioVersion = 10.0.40219.1
Project("{9A19103F-16F7-4668-BE54-9A1E7A4F7556}") = "UniversalHamSaxes", "UniversalHamSaxes.csproj", "{72CB1D0B-0814-4B90-ADF9-9A7AC11B73DB}"
EndProject
Global
	GlobalSection(SolutionConfigurationPlatforms) = preSolution
		Debug|Any CPU = Debug|Any CPU
		Release|Any CPU = Release|Any CPU
	EndGlobalSection
	GlobalSection(ProjectConfigurationPlatforms) = postSolution
		{72CB1D0B-0814-4B90-ADF9-9A7AC11B73DB}.Debug|Any CPU.ActiveCfg = Debug|Any CPU
		{72CB1D0B-0814-4B90-ADF9-9A7AC11B73DB}.Debug|Any CPU.Build.0 = Debug|Any CPU
		{72CB1D0B-0814-4B90-ADF9-9A7AC11B73DB}.Release|Any CPU.ActiveCfg = Release|Any CPU
		{72CB1D0B-0814-4B90-ADF9-9A7AC11B73DB}.Release|Any CPU.Build.0 = Release|Any CPU
	EndGlobalSection
	GlobalSection(SolutionProperties) = preSolution
		HideSolutionNode = FALSE
	EndGlobalSection
	GlobalSection(ExtensibilityGlobals) = postSolution
		SolutionGuid = {78787EEA-88B9-4B7E-BCE5-E92AE6A4D883}
	EndGlobalSection
EndGlobal
